schema: '2.0'
stages:
  no_bday:
    cmd: python3 scripts/delete_no_bday.py
    deps:
    - path: data/raw/Advanced.csv
      hash: md5
      md5: 9606f1c1ab064f27f974d079689461ad
      size: 4420783
    - path: scripts/delete_no_bday.py
      hash: md5
      md5: 57f9af27022fa564735fa4b6e6c2f0b2
      size: 285
    outs:
    - path: data/stage1
      hash: md5
      md5: 4dc95d560482532f3cfa4c8432c3ced7.dir
      size: 393699
      nfiles: 1
  nba:
    cmd: python3 scripts/delete_non_nba.py
    deps:
    - path: data/stage1/Advanced.csv
      hash: md5
      md5: 8441b99aaa5eb864aee9da816a6cdb2f
      size: 393699
    - path: scripts/delete_non_nba.py
      hash: md5
      md5: e5c6d1711f7481e0db1a7aa8c7f1d7b3
      size: 284
    outs:
    - path: data/stage2/
      hash: md5
      md5: 0c28d4fbfcc402ab22e8face41334141.dir
      size: 267665
      nfiles: 1
  sc1:
    cmd: python3 scripts/script1.py
    deps:
    - path: data/raw/Sport car price.csv
      hash: md5
      md5: 70225d016f392f28508453bc1c0c8750
      size: 49190
    - path: scripts/script1.py
      hash: md5
      md5: 3b1bab61c9ebcc0a783fd3b88b9e12c4
      size: 1455
    outs:
    - path: data/stage1
      hash: md5
      md5: 6c37e8831cb14a7f92deaa17b1a96a89.dir
      size: 46751
      nfiles: 1
  sc2:
    cmd: python3 scripts/script2.py
    deps:
    - path: data/stage1/Sport car price.csv
      hash: md5
      md5: 5f1e80e96798f75875d5d630f8032ceb
      size: 46751
    - path: scripts/script2.py
      hash: md5
      md5: a4c45336dff03713ca90834c0a1a5123
      size: 377
    outs:
    - path: data/stage2/
      hash: md5
      md5: 142022daab82920b49e3fd87ac098333.dir
      size: 265314
      nfiles: 1
  sc3:
    cmd: python3 scripts/script3.py
    deps:
    - path: data/stage2/Sport car price.csv
      hash: md5
      md5: 9de5c34355cc1f9d2a3620e16fb0564b
      size: 265314
    - path: scripts/script3.py
      hash: md5
      md5: b57f62ff8a62f36e4995aa122586f98d
      size: 381
    outs:
    - path: data/stage3
      hash: md5
      md5: ec1a41cb5561f95c2c48b37f4ce55150.dir
      size: 1317935
      nfiles: 1
  split:
    cmd: python3 scripts/train_test_split.py
    deps:
    - path: data/stage3/Sport car price.csv
      hash: md5
      md5: 2872ea20c7a5ba1b7ea80ff63f4e7a8e
      size: 1317935
    - path: scripts/train_test_split.py
      hash: md5
      md5: ee4e8095bab8cad56927d41858c9ed17
      size: 661
    params:
      params.yaml:
        split.split_ratio: 0.3
    outs:
    - path: data/stage4
      hash: md5
      md5: 331847971d283343f1ba3ca207bac2ff.dir
      size: 1316007
      nfiles: 2
  train:
    cmd: python3 scripts/model_learn.py
    deps:
    - path: data/stage4/train.csv
      hash: md5
      md5: 6f4f4960636df99d10cedb713f3a9aa0
      size: 919203
    - path: scripts/model_learn.py
      hash: md5
      md5: 89af956dbb2b85190c8b56a1fc740001
      size: 631
    params:
      params.yaml:
        train.max_depth: 15
        train.seed: 42
    outs:
    - path: data/models/model.pkl
      hash: md5
      md5: 018e57c36847782a9207f93cb1bd4428
      size: 445886
  evaluate:
    cmd: python3 scripts/evaluate.py
    deps:
    - path: data/stage4/test.csv
      hash: md5
      md5: 9d45f90d972091f53400232e9aa18fef
      size: 396804
    - path: scripts/evaluate.py
      hash: md5
      md5: 9d4c2e5d0780d66ae5d982ce83e34ab4
      size: 926
    params:
      params.yaml:
        train.max_depth: 15
        train.max_features: 15
        train.min_samples_leaf: 10
    outs:
    - path: metrics/eval.json
      hash: md5
      md5: e13e5c044abdb8f5b175e35b3d64d60e
      size: 30
